
Microsoft Visual Studio Solution File, Format Version 12.00
# Visual Studio Version 17
VisualStudioVersion = 17.7.34202.233
MinimumVisualStudioVersion = 10.0.40219.1
Project("{9A19103F-16F7-4668-BE54-9A1E7A4F7556}") = "PrimeiroProjeto", "PrimeiroProjeto\PrimeiroProjeto.csproj", "{BE338628-1CED-44E5-ADEF-74D41AB4BCB3}"
EndProject
Global
	GlobalSection(SolutionConfigurationPlatforms) = preSolution
		Debug|Any CPU = Debug|Any CPU
		Release|Any CPU = Release|Any CPU
	EndGlobalSection
	GlobalSection(ProjectConfigurationPlatforms) = postSolution
		{BE338628-1CED-44E5-ADEF-74D41AB4BCB3}.Debug|Any CPU.ActiveCfg = Debug|Any CPU
		{BE338628-1CED-44E5-ADEF-74D41AB4BCB3}.Debug|Any CPU.Build.0 = Debug|Any CPU
		{BE338628-1CED-44E5-ADEF-74D41AB4BCB3}.Release|Any CPU.ActiveCfg = Release|Any CPU
		{BE338628-1CED-44E5-ADEF-74D41AB4BCB3}.Release|Any CPU.Build.0 = Release|Any CPU
	EndGlobalSection
	GlobalSection(SolutionProperties) = preSolution
		HideSolutionNode = FALSE
	EndGlobalSection
	GlobalSection(ExtensibilityGlobals) = postSolution
		SolutionGuid = {B2472540-D881-4C03-A57E-D314C5D0A712}
	EndGlobalSection
EndGlobal
